
Microsoft Visual Studio Solution File, Format Version 12.00
# Visual Studio Version 17
VisualStudioVersion = 17.10.35004.147
MinimumVisualStudioVersion = 10.0.40219.1
Project("{FAE04EC0-301F-11D3-BF4B-00C04F79EFBC}") = "SQLServer", "SQLServer\SQLServer.csproj", "{45DF0142-3561-49CD-9639-60238AA4158B}"
EndProject
Global
	GlobalSection(SolutionConfigurationPlatforms) = preSolution
		Debug|Any CPU = Debug|Any CPU
		Release|Any CPU = Release|Any CPU
	EndGlobalSection
	GlobalSection(ProjectConfigurationPlatforms) = postSolution
		{45DF0142-3561-49CD-9639-60238AA4158B}.Debug|Any CPU.ActiveCfg = Debug|Any CPU
		{45DF0142-3561-49CD-9639-60238AA4158B}.Debug|Any CPU.Build.0 = Debug|Any CPU
		{45DF0142-3561-49CD-9639-60238AA4158B}.Release|Any CPU.ActiveCfg = Release|Any CPU
		{45DF0142-3561-49CD-9639-60238AA4158B}.Release|Any CPU.Build.0 = Release|Any CPU
	EndGlobalSection
	GlobalSection(SolutionProperties) = preSolution
		HideSolutionNode = FALSE
	EndGlobalSection
	GlobalSection(ExtensibilityGlobals) = postSolution
		SolutionGuid = {918A065A-FCC0-4BA8-BB42-8B07277C4434}
	EndGlobalSection
EndGlobal
